// !$*UTF8*$!
{
	archiveVersion = 1;
	classes = {
	};
	objectVersion = 51;
	objects = {

/* Begin PBXBuildFile section */
		240B310D6B5F611F0BF64848 /* Pods_RecipePuppy.framework in Frameworks */ = {isa = PBXBuildFile; fileRef = 957B1C2A8636D4652967222E /* Pods_RecipePuppy.framework */; };
		27696BAE180A71C3ED496F59 /* Pods_RecipePuppyUITests.framework in Frameworks */ = {isa = PBXBuildFile; fileRef = 0AAB3EC8039F94FA9410CDCF /* Pods_RecipePuppyUITests.framework */; };
		FD39CCD021B61C5200FBFB75 /* RecipeDetailPresenter.swift in Sources */ = {isa = PBXBuildFile; fileRef = FD39CCCF21B61C5200FBFB75 /* RecipeDetailPresenter.swift */; };
		FD68DDE421B6D73900157610 /* RecipeListPresenterTests.swift in Sources */ = {isa = PBXBuildFile; fileRef = FD68DDE321B6D73900157610 /* RecipeListPresenterTests.swift */; };
		FD8F856A21B19CEE001897AD /* RecipeDetailViewController.swift in Sources */ = {isa = PBXBuildFile; fileRef = FD8F856921B19CEE001897AD /* RecipeDetailViewController.swift */; };
		FD97562B21BA66FD0067B0AD /* RecipeListViewController.swift in Sources */ = {isa = PBXBuildFile; fileRef = FD97562A21BA66FD0067B0AD /* RecipeListViewController.swift */; };
		FD97563221BBCB700067B0AD /* RecipeList.swift in Sources */ = {isa = PBXBuildFile; fileRef = FD97563121BBCB700067B0AD /* RecipeList.swift */; };
		FD97563421BBCBA50067B0AD /* Recipe.swift in Sources */ = {isa = PBXBuildFile; fileRef = FD97563321BBCBA50067B0AD /* Recipe.swift */; };
		FDBBD57021B04B0800FA7B6D /* AppDelegate.swift in Sources */ = {isa = PBXBuildFile; fileRef = FDBBD56F21B04B0800FA7B6D /* AppDelegate.swift */; };
		FDBBD57521B04B0800FA7B6D /* Main.storyboard in Resources */ = {isa = PBXBuildFile; fileRef = FDBBD57321B04B0800FA7B6D /* Main.storyboard */; };
		FDBBD57721B04B0900FA7B6D /* Assets.xcassets in Resources */ = {isa = PBXBuildFile; fileRef = FDBBD57621B04B0900FA7B6D /* Assets.xcassets */; };
		FDBBD57A21B04B0900FA7B6D /* LaunchScreen.storyboard in Resources */ = {isa = PBXBuildFile; fileRef = FDBBD57821B04B0900FA7B6D /* LaunchScreen.storyboard */; };
		FDBBD58521B04B0900FA7B6D /* RecipePuppyUITests.swift in Sources */ = {isa = PBXBuildFile; fileRef = FDBBD58421B04B0900FA7B6D /* RecipePuppyUITests.swift */; };
		FDBBD59121B04C3300FA7B6D /* APIClient.swift in Sources */ = {isa = PBXBuildFile; fileRef = FDBBD59021B04C3300FA7B6D /* APIClient.swift */; };
		FDBBD59421B07D3100FA7B6D /* RecipePuppy.swift in Sources */ = {isa = PBXBuildFile; fileRef = FDBBD59321B07D3100FA7B6D /* RecipePuppy.swift */; };
		FDBBD5A121B11D3400FA7B6D /* RecipePuppyResult.swift in Sources */ = {isa = PBXBuildFile; fileRef = FDBBD5A021B11D3400FA7B6D /* RecipePuppyResult.swift */; };
		FDBBD5A321B12DA500FA7B6D /* RecipePuppyRequest.swift in Sources */ = {isa = PBXBuildFile; fileRef = FDBBD5A221B12DA500FA7B6D /* RecipePuppyRequest.swift */; };
		FDFD5BF421B743B4003AB8B6 /* RecipeListPresenter.swift in Sources */ = {isa = PBXBuildFile; fileRef = FDFD5BF321B743B4003AB8B6 /* RecipeListPresenter.swift */; };
/* End PBXBuildFile section */

/* Begin PBXContainerItemProxy section */
		FD68DDE621B6D73900157610 /* PBXContainerItemProxy */ = {
			isa = PBXContainerItemProxy;
			containerPortal = FDBBD56421B04B0800FA7B6D /* Project object */;
			proxyType = 1;
			remoteGlobalIDString = FDBBD56B21B04B0800FA7B6D;
			remoteInfo = RecipePuppy;
		};
		FDBBD58121B04B0900FA7B6D /* PBXContainerItemProxy */ = {
			isa = PBXContainerItemProxy;
			containerPortal = FDBBD56421B04B0800FA7B6D /* Project object */;
			proxyType = 1;
			remoteGlobalIDString = FDBBD56B21B04B0800FA7B6D;
			remoteInfo = RecipePuppy;
		};
/* End PBXContainerItemProxy section */

/* Begin PBXFileReference section */
		0AAB3EC8039F94FA9410CDCF /* Pods_RecipePuppyUITests.framework */ = {isa = PBXFileReference; explicitFileType = wrapper.framework; includeInIndex = 0; path = Pods_RecipePuppyUITests.framework; sourceTree = BUILT_PRODUCTS_DIR; };
		753BA64AB3757DA8F37411B5 /* Pods-RecipePuppyUITests.release.xcconfig */ = {isa = PBXFileReference; includeInIndex = 1; lastKnownFileType = text.xcconfig; name = "Pods-RecipePuppyUITests.release.xcconfig"; path = "Pods/Target Support Files/Pods-RecipePuppyUITests/Pods-RecipePuppyUITests.release.xcconfig"; sourceTree = "<group>"; };
		957B1C2A8636D4652967222E /* Pods_RecipePuppy.framework */ = {isa = PBXFileReference; explicitFileType = wrapper.framework; includeInIndex = 0; path = Pods_RecipePuppy.framework; sourceTree = BUILT_PRODUCTS_DIR; };
		C916A35A0F2CFC609DF05DF1 /* Pods-RecipePuppy.release.xcconfig */ = {isa = PBXFileReference; includeInIndex = 1; lastKnownFileType = text.xcconfig; name = "Pods-RecipePuppy.release.xcconfig"; path = "Pods/Target Support Files/Pods-RecipePuppy/Pods-RecipePuppy.release.xcconfig"; sourceTree = "<group>"; };
		D540C3BBCD4847B2EA47AAE6 /* Pods-RecipePuppy.debug.xcconfig */ = {isa = PBXFileReference; includeInIndex = 1; lastKnownFileType = text.xcconfig; name = "Pods-RecipePuppy.debug.xcconfig"; path = "Pods/Target Support Files/Pods-RecipePuppy/Pods-RecipePuppy.debug.xcconfig"; sourceTree = "<group>"; };
		E081359601AA5EBDB9C6D206 /* Pods-RecipePuppyUITests.debug.xcconfig */ = {isa = PBXFileReference; includeInIndex = 1; lastKnownFileType = text.xcconfig; name = "Pods-RecipePuppyUITests.debug.xcconfig"; path = "Pods/Target Support Files/Pods-RecipePuppyUITests/Pods-RecipePuppyUITests.debug.xcconfig"; sourceTree = "<group>"; };
		FD39CCCF21B61C5200FBFB75 /* RecipeDetailPresenter.swift */ = {isa = PBXFileReference; lastKnownFileType = sourcecode.swift; path = RecipeDetailPresenter.swift; sourceTree = "<group>"; };
		FD68DDE121B6D73900157610 /* RecipePuppyTests.xctest */ = {isa = PBXFileReference; explicitFileType = wrapper.cfbundle; includeInIndex = 0; path = RecipePuppyTests.xctest; sourceTree = BUILT_PRODUCTS_DIR; };
		FD68DDE321B6D73900157610 /* RecipeListPresenterTests.swift */ = {isa = PBXFileReference; lastKnownFileType = sourcecode.swift; path = RecipeListPresenterTests.swift; sourceTree = "<group>"; };
		FD68DDE521B6D73900157610 /* Info.plist */ = {isa = PBXFileReference; lastKnownFileType = text.plist.xml; path = Info.plist; sourceTree = "<group>"; };
		FD8F856921B19CEE001897AD /* RecipeDetailViewController.swift */ = {isa = PBXFileReference; lastKnownFileType = sourcecode.swift; path = RecipeDetailViewController.swift; sourceTree = "<group>"; };
		FD97562A21BA66FD0067B0AD /* RecipeListViewController.swift */ = {isa = PBXFileReference; fileEncoding = 4; lastKnownFileType = sourcecode.swift; path = RecipeListViewController.swift; sourceTree = "<group>"; };
		FD97563121BBCB700067B0AD /* RecipeList.swift */ = {isa = PBXFileReference; lastKnownFileType = sourcecode.swift; path = RecipeList.swift; sourceTree = "<group>"; };
		FD97563321BBCBA50067B0AD /* Recipe.swift */ = {isa = PBXFileReference; lastKnownFileType = sourcecode.swift; path = Recipe.swift; sourceTree = "<group>"; };
		FDBBD56C21B04B0800FA7B6D /* RecipePuppy.app */ = {isa = PBXFileReference; explicitFileType = wrapper.application; includeInIndex = 0; path = RecipePuppy.app; sourceTree = BUILT_PRODUCTS_DIR; };
		FDBBD56F21B04B0800FA7B6D /* AppDelegate.swift */ = {isa = PBXFileReference; lastKnownFileType = sourcecode.swift; path = AppDelegate.swift; sourceTree = "<group>"; };
		FDBBD57421B04B0800FA7B6D /* Base */ = {isa = PBXFileReference; lastKnownFileType = file.storyboard; name = Base; path = Base.lproj/Main.storyboard; sourceTree = "<group>"; };
		FDBBD57621B04B0900FA7B6D /* Assets.xcassets */ = {isa = PBXFileReference; lastKnownFileType = folder.assetcatalog; path = Assets.xcassets; sourceTree = "<group>"; };
		FDBBD57921B04B0900FA7B6D /* Base */ = {isa = PBXFileReference; lastKnownFileType = file.storyboard; name = Base; path = Base.lproj/LaunchScreen.storyboard; sourceTree = "<group>"; };
		FDBBD57B21B04B0900FA7B6D /* Info.plist */ = {isa = PBXFileReference; lastKnownFileType = text.plist.xml; path = Info.plist; sourceTree = "<group>"; };
		FDBBD58021B04B0900FA7B6D /* RecipePuppyUITests.xctest */ = {isa = PBXFileReference; explicitFileType = wrapper.cfbundle; includeInIndex = 0; path = RecipePuppyUITests.xctest; sourceTree = BUILT_PRODUCTS_DIR; };
		FDBBD58421B04B0900FA7B6D /* RecipePuppyUITests.swift */ = {isa = PBXFileReference; lastKnownFileType = sourcecode.swift; path = RecipePuppyUITests.swift; sourceTree = "<group>"; };
		FDBBD58621B04B0900FA7B6D /* Info.plist */ = {isa = PBXFileReference; lastKnownFileType = text.plist.xml; path = Info.plist; sourceTree = "<group>"; };
		FDBBD59021B04C3300FA7B6D /* APIClient.swift */ = {isa = PBXFileReference; lastKnownFileType = sourcecode.swift; path = APIClient.swift; sourceTree = "<group>"; };
		FDBBD59321B07D3100FA7B6D /* RecipePuppy.swift */ = {isa = PBXFileReference; lastKnownFileType = sourcecode.swift; path = RecipePuppy.swift; sourceTree = "<group>"; };
		FDBBD5A021B11D3400FA7B6D /* RecipePuppyResult.swift */ = {isa = PBXFileReference; lastKnownFileType = sourcecode.swift; path = RecipePuppyResult.swift; sourceTree = "<group>"; };
		FDBBD5A221B12DA500FA7B6D /* RecipePuppyRequest.swift */ = {isa = PBXFileReference; lastKnownFileType = sourcecode.swift; path = RecipePuppyRequest.swift; sourceTree = "<group>"; };
		FDFD5BF321B743B4003AB8B6 /* RecipeListPresenter.swift */ = {isa = PBXFileReference; lastKnownFileType = sourcecode.swift; path = RecipeListPresenter.swift; sourceTree = "<group>"; };
/* End PBXFileReference section */

/* Begin PBXFrameworksBuildPhase section */
		FD68DDDE21B6D73900157610 /* Frameworks */ = {
			isa = PBXFrameworksBuildPhase;
			buildActionMask = 2147483647;
			files = (
			);
			runOnlyForDeploymentPostprocessing = 0;
		};
		FDBBD56921B04B0800FA7B6D /* Frameworks */ = {
			isa = PBXFrameworksBuildPhase;
			buildActionMask = 2147483647;
			files = (
				240B310D6B5F611F0BF64848 /* Pods_RecipePuppy.framework in Frameworks */,
			);
			runOnlyForDeploymentPostprocessing = 0;
		};
		FDBBD57D21B04B0900FA7B6D /* Frameworks */ = {
			isa = PBXFrameworksBuildPhase;
			buildActionMask = 2147483647;
			files = (
				27696BAE180A71C3ED496F59 /* Pods_RecipePuppyUITests.framework in Frameworks */,
			);
			runOnlyForDeploymentPostprocessing = 0;
		};
/* End PBXFrameworksBuildPhase section */

/* Begin PBXGroup section */
		3BBC5676AE922F840C21C208 /* Pods */ = {
			isa = PBXGroup;
			children = (
				D540C3BBCD4847B2EA47AAE6 /* Pods-RecipePuppy.debug.xcconfig */,
				C916A35A0F2CFC609DF05DF1 /* Pods-RecipePuppy.release.xcconfig */,
				E081359601AA5EBDB9C6D206 /* Pods-RecipePuppyUITests.debug.xcconfig */,
				753BA64AB3757DA8F37411B5 /* Pods-RecipePuppyUITests.release.xcconfig */,
			);
			name = Pods;
			sourceTree = "<group>";
		};
		59B0B7BA08D69954746D2623 /* Frameworks */ = {
			isa = PBXGroup;
			children = (
				957B1C2A8636D4652967222E /* Pods_RecipePuppy.framework */,
				0AAB3EC8039F94FA9410CDCF /* Pods_RecipePuppyUITests.framework */,
			);
			name = Frameworks;
			sourceTree = "<group>";
		};
		FD39CCCD21B61BCC00FBFB75 /* RecipeList */ = {
			isa = PBXGroup;
			children = (
				FD97562A21BA66FD0067B0AD /* RecipeListViewController.swift */,
				FDFD5BF321B743B4003AB8B6 /* RecipeListPresenter.swift */,
			);
			path = RecipeList;
			sourceTree = "<group>";
		};
		FD39CCCE21B61BDC00FBFB75 /* RecipeDetail */ = {
			isa = PBXGroup;
			children = (
				FD8F856921B19CEE001897AD /* RecipeDetailViewController.swift */,
				FD39CCCF21B61C5200FBFB75 /* RecipeDetailPresenter.swift */,
			);
			path = RecipeDetail;
			sourceTree = "<group>";
		};
		FD68DDE221B6D73900157610 /* RecipePuppyTests */ = {
			isa = PBXGroup;
			children = (
				FD68DDE321B6D73900157610 /* RecipeListPresenterTests.swift */,
				FD68DDE521B6D73900157610 /* Info.plist */,
			);
			path = RecipePuppyTests;
			sourceTree = "<group>";
		};
		FD97563021BBCB580067B0AD /* PresentationModel */ = {
			isa = PBXGroup;
			children = (
				FD97563321BBCBA50067B0AD /* Recipe.swift */,
				FD97563121BBCB700067B0AD /* RecipeList.swift */,
			);
			path = PresentationModel;
			sourceTree = "<group>";
		};
		FDBBD56321B04B0800FA7B6D = {
			isa = PBXGroup;
			children = (
				FDBBD56E21B04B0800FA7B6D /* RecipePuppy */,
				FD68DDE221B6D73900157610 /* RecipePuppyTests */,
				FDBBD58321B04B0900FA7B6D /* RecipePuppyUITests */,
				FDBBD56D21B04B0800FA7B6D /* Products */,
				3BBC5676AE922F840C21C208 /* Pods */,
				59B0B7BA08D69954746D2623 /* Frameworks */,
			);
			sourceTree = "<group>";
		};
		FDBBD56D21B04B0800FA7B6D /* Products */ = {
			isa = PBXGroup;
			children = (
				FDBBD56C21B04B0800FA7B6D /* RecipePuppy.app */,
				FDBBD58021B04B0900FA7B6D /* RecipePuppyUITests.xctest */,
				FD68DDE121B6D73900157610 /* RecipePuppyTests.xctest */,
			);
			name = Products;
			sourceTree = "<group>";
		};
		FDBBD56E21B04B0800FA7B6D /* RecipePuppy */ = {
			isa = PBXGroup;
			children = (
				FDBBD58F21B04C1500FA7B6D /* API */,
				FDBBD59221B07D1900FA7B6D /* DataModel */,
				FD97563021BBCB580067B0AD /* PresentationModel */,
				FD39CCCD21B61BCC00FBFB75 /* RecipeList */,
				FD39CCCE21B61BDC00FBFB75 /* RecipeDetail */,
				FDBBD56F21B04B0800FA7B6D /* AppDelegate.swift */,
				FDBBD57321B04B0800FA7B6D /* Main.storyboard */,
				FDBBD57821B04B0900FA7B6D /* LaunchScreen.storyboard */,
				FDBBD57621B04B0900FA7B6D /* Assets.xcassets */,
				FDBBD57B21B04B0900FA7B6D /* Info.plist */,
			);
			path = RecipePuppy;
			sourceTree = "<group>";
		};
		FDBBD58321B04B0900FA7B6D /* RecipePuppyUITests */ = {
			isa = PBXGroup;
			children = (
				FDBBD58421B04B0900FA7B6D /* RecipePuppyUITests.swift */,
				FDBBD58621B04B0900FA7B6D /* Info.plist */,
			);
			path = RecipePuppyUITests;
			sourceTree = "<group>";
		};
		FDBBD58F21B04C1500FA7B6D /* API */ = {
			isa = PBXGroup;
			children = (
				FDBBD59021B04C3300FA7B6D /* APIClient.swift */,
			);
			path = API;
			sourceTree = "<group>";
		};
		FDBBD59221B07D1900FA7B6D /* DataModel */ = {
			isa = PBXGroup;
			children = (
				FDBBD59321B07D3100FA7B6D /* RecipePuppy.swift */,
				FDBBD5A021B11D3400FA7B6D /* RecipePuppyResult.swift */,
				FDBBD5A221B12DA500FA7B6D /* RecipePuppyRequest.swift */,
			);
			path = DataModel;
			sourceTree = "<group>";
		};
/* End PBXGroup section */

/* Begin PBXNativeTarget section */
		FD68DDE021B6D73900157610 /* RecipePuppyTests */ = {
			isa = PBXNativeTarget;
			buildConfigurationList = FD68DDE821B6D73900157610 /* Build configuration list for PBXNativeTarget "RecipePuppyTests" */;
			buildPhases = (
				FD68DDDD21B6D73900157610 /* Sources */,
				FD68DDDE21B6D73900157610 /* Frameworks */,
				FD68DDDF21B6D73900157610 /* Resources */,
			);
			buildRules = (
			);
			dependencies = (
				FD68DDE721B6D73900157610 /* PBXTargetDependency */,
			);
			name = RecipePuppyTests;
			productName = RecipePuppyTests;
			productReference = FD68DDE121B6D73900157610 /* RecipePuppyTests.xctest */;
			productType = "com.apple.product-type.bundle.unit-test";
		};
		FDBBD56B21B04B0800FA7B6D /* RecipePuppy */ = {
			isa = PBXNativeTarget;
			buildConfigurationList = FDBBD58921B04B0900FA7B6D /* Build configuration list for PBXNativeTarget "RecipePuppy" */;
			buildPhases = (
				A2C4E4066A4CD6887C62F0B4 /* [CP] Check Pods Manifest.lock */,
				FDBBD56821B04B0800FA7B6D /* Sources */,
				FDBBD56921B04B0800FA7B6D /* Frameworks */,
				FDBBD56A21B04B0800FA7B6D /* Resources */,
				30A2D80A18D05BA8545DE478 /* [CP] Embed Pods Frameworks */,
			);
			buildRules = (
			);
			dependencies = (
			);
			name = RecipePuppy;
			productName = RecipePuppy;
			productReference = FDBBD56C21B04B0800FA7B6D /* RecipePuppy.app */;
			productType = "com.apple.product-type.application";
		};
		FDBBD57F21B04B0900FA7B6D /* RecipePuppyUITests */ = {
			isa = PBXNativeTarget;
			buildConfigurationList = FDBBD58C21B04B0900FA7B6D /* Build configuration list for PBXNativeTarget "RecipePuppyUITests" */;
			buildPhases = (
				933043E17BF8EC92D4222B87 /* [CP] Check Pods Manifest.lock */,
				FDBBD57C21B04B0900FA7B6D /* Sources */,
				FDBBD57D21B04B0900FA7B6D /* Frameworks */,
				FDBBD57E21B04B0900FA7B6D /* Resources */,
			);
			buildRules = (
			);
			dependencies = (
				FDBBD58221B04B0900FA7B6D /* PBXTargetDependency */,
			);
			name = RecipePuppyUITests;
			productName = RecipePuppyUITests;
			productReference = FDBBD58021B04B0900FA7B6D /* RecipePuppyUITests.xctest */;
			productType = "com.apple.product-type.bundle.ui-testing";
		};
/* End PBXNativeTarget section */

/* Begin PBXProject section */
		FDBBD56421B04B0800FA7B6D /* Project object */ = {
			isa = PBXProject;
			attributes = {
				LastSwiftUpdateCheck = 0940;
				LastUpgradeCheck = 0940;
				ORGANIZATIONNAME = mundaco.com;
				TargetAttributes = {
					FD68DDE021B6D73900157610 = {
						CreatedOnToolsVersion = 9.4.1;
						LastSwiftMigration = 1010;
						TestTargetID = FDBBD56B21B04B0800FA7B6D;
					};
					FDBBD56B21B04B0800FA7B6D = {
						CreatedOnToolsVersion = 9.4.1;
						LastSwiftMigration = 1010;
					};
					FDBBD57F21B04B0900FA7B6D = {
						CreatedOnToolsVersion = 9.4.1;
						TestTargetID = FDBBD56B21B04B0800FA7B6D;
					};
				};
			};
			buildConfigurationList = FDBBD56721B04B0800FA7B6D /* Build configuration list for PBXProject "RecipePuppy" */;
			compatibilityVersion = "Xcode 10.0";
			developmentRegion = en;
			hasScannedForEncodings = 0;
			knownRegions = (
				en,
				Base,
			);
			mainGroup = FDBBD56321B04B0800FA7B6D;
			productRefGroup = FDBBD56D21B04B0800FA7B6D /* Products */;
			projectDirPath = "";
			projectRoot = "";
			targets = (
				FDBBD56B21B04B0800FA7B6D /* RecipePuppy */,
				FDBBD57F21B04B0900FA7B6D /* RecipePuppyUITests */,
				FD68DDE021B6D73900157610 /* RecipePuppyTests */,
			);
		};
/* End PBXProject section */

/* Begin PBXResourcesBuildPhase section */
		FD68DDDF21B6D73900157610 /* Resources */ = {
			isa = PBXResourcesBuildPhase;
			buildActionMask = 2147483647;
			files = (
			);
			runOnlyForDeploymentPostprocessing = 0;
		};
		FDBBD56A21B04B0800FA7B6D /* Resources */ = {
			isa = PBXResourcesBuildPhase;
			buildActionMask = 2147483647;
			files = (
				FDBBD57A21B04B0900FA7B6D /* LaunchScreen.storyboard in Resources */,
				FDBBD57721B04B0900FA7B6D /* Assets.xcassets in Resources */,
				FDBBD57521B04B0800FA7B6D /* Main.storyboard in Resources */,
			);
			runOnlyForDeploymentPostprocessing = 0;
		};
		FDBBD57E21B04B0900FA7B6D /* Resources */ = {
			isa = PBXResourcesBuildPhase;
			buildActionMask = 2147483647;
			files = (
			);
			runOnlyForDeploymentPostprocessing = 0;
		};
/* End PBXResourcesBuildPhase section */

/* Begin PBXShellScriptBuildPhase section */
		30A2D80A18D05BA8545DE478 /* [CP] Embed Pods Frameworks */ = {
			isa = PBXShellScriptBuildPhase;
			buildActionMask = 2147483647;
			files = (
			);
			inputPaths = (
				"${SRCROOT}/Pods/Target Support Files/Pods-RecipePuppy/Pods-RecipePuppy-frameworks.sh",
				"${BUILT_PRODUCTS_DIR}/HTMLString/HTMLString.framework",
			);
			name = "[CP] Embed Pods Frameworks";
			outputPaths = (
				"${TARGET_BUILD_DIR}/${FRAMEWORKS_FOLDER_PATH}/HTMLString.framework",
			);
			runOnlyForDeploymentPostprocessing = 0;
			shellPath = /bin/sh;
			shellScript = "\"${SRCROOT}/Pods/Target Support Files/Pods-RecipePuppy/Pods-RecipePuppy-frameworks.sh\"\n";
			showEnvVarsInLog = 0;
		};
		933043E17BF8EC92D4222B87 /* [CP] Check Pods Manifest.lock */ = {
			isa = PBXShellScriptBuildPhase;
			buildActionMask = 2147483647;
			files = (
			);
			inputPaths = (
				"${PODS_PODFILE_DIR_PATH}/Podfile.lock",
				"${PODS_ROOT}/Manifest.lock",
			);
			name = "[CP] Check Pods Manifest.lock";
			outputPaths = (
				"$(DERIVED_FILE_DIR)/Pods-RecipePuppyUITests-checkManifestLockResult.txt",
			);
			runOnlyForDeploymentPostprocessing = 0;
			shellPath = /bin/sh;
			shellScript = "diff \"${PODS_PODFILE_DIR_PATH}/Podfile.lock\" \"${PODS_ROOT}/Manifest.lock\" > /dev/null\nif [ $? != 0 ] ; then\n    # print error to STDERR\n    echo \"error: The sandbox is not in sync with the Podfile.lock. Run 'pod install' or update your CocoaPods installation.\" >&2\n    exit 1\nfi\n# This output is used by Xcode 'outputs' to avoid re-running this script phase.\necho \"SUCCESS\" > \"${SCRIPT_OUTPUT_FILE_0}\"\n";
			showEnvVarsInLog = 0;
		};
		A2C4E4066A4CD6887C62F0B4 /* [CP] Check Pods Manifest.lock */ = {
			isa = PBXShellScriptBuildPhase;
			buildActionMask = 2147483647;
			files = (
			);
			inputPaths = (
				"${PODS_PODFILE_DIR_PATH}/Podfile.lock",
				"${PODS_ROOT}/Manifest.lock",
			);
			name = "[CP] Check Pods Manifest.lock";
			outputPaths = (
				"$(DERIVED_FILE_DIR)/Pods-RecipePuppy-checkManifestLockResult.txt",
			);
			runOnlyForDeploymentPostprocessing = 0;
			shellPath = /bin/sh;
			shellScript = "diff \"${PODS_PODFILE_DIR_PATH}/Podfile.lock\" \"${PODS_ROOT}/Manifest.lock\" > /dev/null\nif [ $? != 0 ] ; then\n    # print error to STDERR\n    echo \"error: The sandbox is not in sync with the Podfile.lock. Run 'pod install' or update your CocoaPods installation.\" >&2\n    exit 1\nfi\n# This output is used by Xcode 'outputs' to avoid re-running this script phase.\necho \"SUCCESS\" > \"${SCRIPT_OUTPUT_FILE_0}\"\n";
			showEnvVarsInLog = 0;
		};
/* End PBXShellScriptBuildPhase section */

/* Begin PBXSourcesBuildPhase section */
		FD68DDDD21B6D73900157610 /* Sources */ = {
			isa = PBXSourcesBuildPhase;
			buildActionMask = 2147483647;
			files = (
				FD68DDE421B6D73900157610 /* RecipeListPresenterTests.swift in Sources */,
			);
			runOnlyForDeploymentPostprocessing = 0;
		};
		FDBBD56821B04B0800FA7B6D /* Sources */ = {
			isa = PBXSourcesBuildPhase;
			buildActionMask = 2147483647;
			files = (
				FDBBD59121B04C3300FA7B6D /* APIClient.swift in Sources */,
				FDFD5BF421B743B4003AB8B6 /* RecipeListPresenter.swift in Sources */,
				FD97562B21BA66FD0067B0AD /* RecipeListViewController.swift in Sources */,
				FD97563421BBCBA50067B0AD /* Recipe.swift in Sources */,
				FDBBD5A121B11D3400FA7B6D /* RecipePuppyResult.swift in Sources */,
				FDBBD57021B04B0800FA7B6D /* AppDelegate.swift in Sources */,
				FD39CCD021B61C5200FBFB75 /* RecipeDetailPresenter.swift in Sources */,
				FD97563221BBCB700067B0AD /* RecipeList.swift in Sources */,
				FDBBD59421B07D3100FA7B6D /* RecipePuppy.swift in Sources */,
				FDBBD5A321B12DA500FA7B6D /* RecipePuppyRequest.swift in Sources */,
				FD8F856A21B19CEE001897AD /* RecipeDetailViewController.swift in Sources */,
			);
			runOnlyForDeploymentPostprocessing = 0;
		};
		FDBBD57C21B04B0900FA7B6D /* Sources */ = {
			isa = PBXSourcesBuildPhase;
			buildActionMask = 2147483647;
			files = (
				FDBBD58521B04B0900FA7B6D /* RecipePuppyUITests.swift in Sources */,
			);
			runOnlyForDeploymentPostprocessing = 0;
		};
/* End PBXSourcesBuildPhase section */

/* Begin PBXTargetDependency section */
		FD68DDE721B6D73900157610 /* PBXTargetDependency */ = {
			isa = PBXTargetDependency;
			target = FDBBD56B21B04B0800FA7B6D /* RecipePuppy */;
			targetProxy = FD68DDE621B6D73900157610 /* PBXContainerItemProxy */;
		};
		FDBBD58221B04B0900FA7B6D /* PBXTargetDependency */ = {
			isa = PBXTargetDependency;
			target = FDBBD56B21B04B0800FA7B6D /* RecipePuppy */;
			targetProxy = FDBBD58121B04B0900FA7B6D /* PBXContainerItemProxy */;
		};
/* End PBXTargetDependency section */

/* Begin PBXVariantGroup section */
		FDBBD57321B04B0800FA7B6D /* Main.storyboard */ = {
			isa = PBXVariantGroup;
			children = (
				FDBBD57421B04B0800FA7B6D /* Base */,
			);
			name = Main.storyboard;
			sourceTree = "<group>";
		};
		FDBBD57821B04B0900FA7B6D /* LaunchScreen.storyboard */ = {
			isa = PBXVariantGroup;
			children = (
				FDBBD57921B04B0900FA7B6D /* Base */,
			);
			name = LaunchScreen.storyboard;
			sourceTree = "<group>";
		};
/* End PBXVariantGroup section */

/* Begin XCBuildConfiguration section */
		FD68DDE921B6D73900157610 /* Debug */ = {
			isa = XCBuildConfiguration;
			buildSettings = {
				BUNDLE_LOADER = "$(TEST_HOST)";
				CODE_SIGN_STYLE = Automatic;
				DEVELOPMENT_TEAM = ZX8NE2W84G;
				INFOPLIST_FILE = RecipePuppyTests/Info.plist;
				LD_RUNPATH_SEARCH_PATHS = (
					"$(inherited)",
					"@executable_path/Frameworks",
					"@loader_path/Frameworks",
				);
				PRODUCT_BUNDLE_IDENTIFIER = com.mundaco.RecipePuppyTests;
				PRODUCT_NAME = "$(TARGET_NAME)";
				SWIFT_VERSION = 4.2;
				TARGETED_DEVICE_FAMILY = "1,2";
				TEST_HOST = "$(BUILT_PRODUCTS_DIR)/RecipePuppy.app/RecipePuppy";
			};
			name = Debug;
		};
		FD68DDEA21B6D73900157610 /* Release */ = {
			isa = XCBuildConfiguration;
			buildSettings = {
				BUNDLE_LOADER = "$(TEST_HOST)";
				CODE_SIGN_STYLE = Automatic;
				DEVELOPMENT_TEAM = ZX8NE2W84G;
				INFOPLIST_FILE = RecipePuppyTests/Info.plist;
				LD_RUNPATH_SEARCH_PATHS = (
					"$(inherited)",
					"@executable_path/Frameworks",
					"@loader_path/Frameworks",
				);
				PRODUCT_BUNDLE_IDENTIFIER = com.mundaco.RecipePuppyTests;
				PRODUCT_NAME = "$(TARGET_NAME)";
				SWIFT_VERSION = 4.2;
				TARGETED_DEVICE_FAMILY = "1,2";
				TEST_HOST = "$(BUILT_PRODUCTS_DIR)/RecipePuppy.app/RecipePuppy";
			};
			name = Release;
		};
		FDBBD58721B04B0900FA7B6D /* Debug */ = {
			isa = XCBuildConfiguration;
			buildSettings = {
				ALWAYS_SEARCH_USER_PATHS = NO;
				CLANG_ANALYZER_NONNULL = YES;
				CLANG_ANALYZER_NUMBER_OBJECT_CONVERSION = YES_AGGRESSIVE;
				CLANG_CXX_LANGUAGE_STANDARD = "gnu++14";
				CLANG_CXX_LIBRARY = "libc++";
				CLANG_ENABLE_MODULES = YES;
				CLANG_ENABLE_OBJC_ARC = YES;
				CLANG_ENABLE_OBJC_WEAK = YES;
				CLANG_WARN_BLOCK_CAPTURE_AUTORELEASING = YES;
				CLANG_WARN_BOOL_CONVERSION = YES;
				CLANG_WARN_COMMA = YES;
				CLANG_WARN_CONSTANT_CONVERSION = YES;
				CLANG_WARN_DEPRECATED_OBJC_IMPLEMENTATIONS = YES;
				CLANG_WARN_DIRECT_OBJC_ISA_USAGE = YES_ERROR;
				CLANG_WARN_DOCUMENTATION_COMMENTS = YES;
				CLANG_WARN_EMPTY_BODY = YES;
				CLANG_WARN_ENUM_CONVERSION = YES;
				CLANG_WARN_INFINITE_RECURSION = YES;
				CLANG_WARN_INT_CONVERSION = YES;
				CLANG_WARN_NON_LITERAL_NULL_CONVERSION = YES;
				CLANG_WARN_OBJC_IMPLICIT_RETAIN_SELF = YES;
				CLANG_WARN_OBJC_LITERAL_CONVERSION = YES;
				CLANG_WARN_OBJC_ROOT_CLASS = YES_ERROR;
				CLANG_WARN_RANGE_LOOP_ANALYSIS = YES;
				CLANG_WARN_STRICT_PROTOTYPES = YES;
				CLANG_WARN_SUSPICIOUS_MOVE = YES;
				CLANG_WARN_UNGUARDED_AVAILABILITY = YES_AGGRESSIVE;
				CLANG_WARN_UNREACHABLE_CODE = YES;
				CLANG_WARN__DUPLICATE_METHOD_MATCH = YES;
				CODE_SIGN_IDENTITY = "iPhone Developer";
				COPY_PHASE_STRIP = NO;
				DEBUG_INFORMATION_FORMAT = dwarf;
				ENABLE_STRICT_OBJC_MSGSEND = YES;
				ENABLE_TESTABILITY = YES;
				GCC_C_LANGUAGE_STANDARD = gnu11;
				GCC_DYNAMIC_NO_PIC = NO;
				GCC_NO_COMMON_BLOCKS = YES;
				GCC_OPTIMIZATION_LEVEL = 0;
				GCC_PREPROCESSOR_DEFINITIONS = (
					"DEBUG=1",
					"$(inherited)",
				);
				GCC_WARN_64_TO_32_BIT_CONVERSION = YES;
				GCC_WARN_ABOUT_RETURN_TYPE = YES_ERROR;
				GCC_WARN_UNDECLARED_SELECTOR = YES;
				GCC_WARN_UNINITIALIZED_AUTOS = YES_AGGRESSIVE;
				GCC_WARN_UNUSED_FUNCTION = YES;
				GCC_WARN_UNUSED_VARIABLE = YES;
				IPHONEOS_DEPLOYMENT_TARGET = 12.1;
				MTL_ENABLE_DEBUG_INFO = YES;
				ONLY_ACTIVE_ARCH = YES;
				SDKROOT = iphoneos;
				SWIFT_ACTIVE_COMPILATION_CONDITIONS = DEBUG;
				SWIFT_OPTIMIZATION_LEVEL = "-Onone";
			};
			name = Debug;
		};
		FDBBD58821B04B0900FA7B6D /* Release */ = {
			isa = XCBuildConfiguration;
			buildSettings = {
				ALWAYS_SEARCH_USER_PATHS = NO;
				CLANG_ANALYZER_NONNULL = YES;
				CLANG_ANALYZER_NUMBER_OBJECT_CONVERSION = YES_AGGRESSIVE;
				CLANG_CXX_LANGUAGE_STANDARD = "gnu++14";
				CLANG_CXX_LIBRARY = "libc++";
				CLANG_ENABLE_MODULES = YES;
				CLANG_ENABLE_OBJC_ARC = YES;
				CLANG_ENABLE_OBJC_WEAK = YES;
				CLANG_WARN_BLOCK_CAPTURE_AUTORELEASING = YES;
				CLANG_WARN_BOOL_CONVERSION = YES;
				CLANG_WARN_COMMA = YES;
				CLANG_WARN_CONSTANT_CONVERSION = YES;
				CLANG_WARN_DEPRECATED_OBJC_IMPLEMENTATIONS = YES;
				CLANG_WARN_DIRECT_OBJC_ISA_USAGE = YES_ERROR;
				CLANG_WARN_DOCUMENTATION_COMMENTS = YES;
				CLANG_WARN_EMPTY_BODY = YES;
				CLANG_WARN_ENUM_CONVERSION = YES;
				CLANG_WARN_INFINITE_RECURSION = YES;
				CLANG_WARN_INT_CONVERSION = YES;
				CLANG_WARN_NON_LITERAL_NULL_CONVERSION = YES;
				CLANG_WARN_OBJC_IMPLICIT_RETAIN_SELF = YES;
				CLANG_WARN_OBJC_LITERAL_CONVERSION = YES;
				CLANG_WARN_OBJC_ROOT_CLASS = YES_ERROR;
				CLANG_WARN_RANGE_LOOP_ANALYSIS = YES;
				CLANG_WARN_STRICT_PROTOTYPES = YES;
				CLANG_WARN_SUSPICIOUS_MOVE = YES;
				CLANG_WARN_UNGUARDED_AVAILABILITY = YES_AGGRESSIVE;
				CLANG_WARN_UNREACHABLE_CODE = YES;
				CLANG_WARN__DUPLICATE_METHOD_MATCH = YES;
				CODE_SIGN_IDENTITY = "iPhone Developer";
				COPY_PHASE_STRIP = NO;
				DEBUG_INFORMATION_FORMAT = "dwarf-with-dsym";
				ENABLE_NS_ASSERTIONS = NO;
				ENABLE_STRICT_OBJC_MSGSEND = YES;
				GCC_C_LANGUAGE_STANDARD = gnu11;
				GCC_NO_COMMON_BLOCKS = YES;
				GCC_WARN_64_TO_32_BIT_CONVERSION = YES;
				GCC_WARN_ABOUT_RETURN_TYPE = YES_ERROR;
				GCC_WARN_UNDECLARED_SELECTOR = YES;
				GCC_WARN_UNINITIALIZED_AUTOS = YES_AGGRESSIVE;
				GCC_WARN_UNUSED_FUNCTION = YES;
				GCC_WARN_UNUSED_VARIABLE = YES;
				IPHONEOS_DEPLOYMENT_TARGET = 12.1;
				MTL_ENABLE_DEBUG_INFO = NO;
				SDKROOT = iphoneos;
				SWIFT_COMPILATION_MODE = wholemodule;
				SWIFT_OPTIMIZATION_LEVEL = "-O";
				VALIDATE_PRODUCT = YES;
			};
			name = Release;
		};
		FDBBD58A21B04B0900FA7B6D /* Debug */ = {
			isa = XCBuildConfiguration;
			baseConfigurationReference = D540C3BBCD4847B2EA47AAE6 /* Pods-RecipePuppy.debug.xcconfig */;
			buildSettings = {
				ASSETCATALOG_COMPILER_APPICON_NAME = AppIcon;
				CODE_SIGN_STYLE = Automatic;
				DEVELOPMENT_TEAM = ZX8NE2W84G;
				INFOPLIST_FILE = RecipePuppy/Info.plist;
				LD_RUNPATH_SEARCH_PATHS = (
					"$(inherited)",
					"@executable_path/Frameworks",
				);
				PRODUCT_BUNDLE_IDENTIFIER = com.mundaco.RecipePuppy;
				PRODUCT_NAME = "$(TARGET_NAME)";
				SWIFT_VERSION = 4.2;
				TARGETED_DEVICE_FAMILY = "1,2";
			};
			name = Debug;
		};
		FDBBD58B21B04B0900FA7B6D /* Release */ = {
			isa = XCBuildConfiguration;
			baseConfigurationReference = C916A35A0F2CFC609DF05DF1 /* Pods-RecipePuppy.release.xcconfig */;
			buildSettings = {
				ASSETCATALOG_COMPILER_APPICON_NAME = AppIcon;
				CODE_SIGN_STYLE = Automatic;
				DEVELOPMENT_TEAM = ZX8NE2W84G;
				INFOPLIST_FILE = RecipePuppy/Info.plist;
				LD_RUNPATH_SEARCH_PATHS = (
					"$(inherited)",
					"@executable_path/Frameworks",
				);
				PRODUCT_BUNDLE_IDENTIFIER = com.mundaco.RecipePuppy;
				PRODUCT_NAME = "$(TARGET_NAME)";
				SWIFT_VERSION = 4.2;
				TARGETED_DEVICE_FAMILY = "1,2";
			};
			name = Release;
		};
		FDBBD58D21B04B0900FA7B6D /* Debug */ = {
			isa = XCBuildConfiguration;
			baseConfigurationReference = E081359601AA5EBDB9C6D206 /* Pods-RecipePuppyUITests.debug.xcconfig */;
			buildSettings = {
				ALWAYS_EMBED_SWIFT_STANDARD_LIBRARIES = YES;
				CODE_SIGN_STYLE = Automatic;
				DEVELOPMENT_TEAM = ZX8NE2W84G;
				INFOPLIST_FILE = RecipePuppyUITests/Info.plist;
				LD_RUNPATH_SEARCH_PATHS = (
					"$(inherited)",
					"@executable_path/Frameworks",
					"@loader_path/Frameworks",
				);
				PRODUCT_BUNDLE_IDENTIFIER = com.mundaco.RecipePuppyUITests;
				PRODUCT_NAME = "$(TARGET_NAME)";
				SWIFT_VERSION = 4.2;
				TARGETED_DEVICE_FAMILY = "1,2";
				TEST_TARGET_NAME = RecipePuppy;
			};
			name = Debug;
		};
		FDBBD58E21B04B0900FA7B6D /* Release */ = {
			isa = XCBuildConfiguration;
			baseConfigurationReference = 753BA64AB3757DA8F37411B5 /* Pods-RecipePuppyUITests.release.xcconfig */;
			buildSettings = {
				ALWAYS_EMBED_SWIFT_STANDARD_LIBRARIES = YES;
				CODE_SIGN_STYLE = Automatic;
				DEVELOPMENT_TEAM = ZX8NE2W84G;
				INFOPLIST_FILE = RecipePuppyUITests/Info.plist;
				LD_RUNPATH_SEARCH_PATHS = (
					"$(inherited)",
					"@executable_path/Frameworks",
					"@loader_path/Frameworks",
				);
				PRODUCT_BUNDLE_IDENTIFIER = com.mundaco.RecipePuppyUITests;
				PRODUCT_NAME = "$(TARGET_NAME)";
				SWIFT_VERSION = 4.2;
				TARGETED_DEVICE_FAMILY = "1,2";
				TEST_TARGET_NAME = RecipePuppy;
			};
			name = Release;
		};
/* End XCBuildConfiguration section */

/* Begin XCConfigurationList section */
		FD68DDE821B6D73900157610 /* Build configuration list for PBXNativeTarget "RecipePuppyTests" */ = {
			isa = XCConfigurationList;
			buildConfigurations = (
				FD68DDE921B6D73900157610 /* Debug */,
				FD68DDEA21B6D73900157610 /* Release */,
			);
			defaultConfigurationIsVisible = 0;
			defaultConfigurationName = Release;
		};
		FDBBD56721B04B0800FA7B6D /* Build configuration list for PBXProject "RecipePuppy" */ = {
			isa = XCConfigurationList;
			buildConfigurations = (
				FDBBD58721B04B0900FA7B6D /* Debug */,
				FDBBD58821B04B0900FA7B6D /* Release */,
			);
			defaultConfigurationIsVisible = 0;
			defaultConfigurationName = Release;
		};
		FDBBD58921B04B0900FA7B6D /* Build configuration list for PBXNativeTarget "RecipePuppy" */ = {
			isa = XCConfigurationList;
			buildConfigurations = (
				FDBBD58A21B04B0900FA7B6D /* Debug */,
				FDBBD58B21B04B0900FA7B6D /* Release */,
			);
			defaultConfigurationIsVisible = 0;
			defaultConfigurationName = Release;
		};
		FDBBD58C21B04B0900FA7B6D /* Build configuration list for PBXNativeTarget "RecipePuppyUITests" */ = {
			isa = XCConfigurationList;
			buildConfigurations = (
				FDBBD58D21B04B0900FA7B6D /* Debug */,
				FDBBD58E21B04B0900FA7B6D /* Release */,
			);
			defaultConfigurationIsVisible = 0;
			defaultConfigurationName = Release;
		};
/* End XCConfigurationList section */
	};
	rootObject = FDBBD56421B04B0800FA7B6D /* Project object */;
}
